
Microsoft Visual Studio Solution File, Format Version 12.00
# Visual Studio Version 17
VisualStudioVersion = 17.4.33213.308
MinimumVisualStudioVersion = 10.0.40219.1
Project("{FAE04EC0-301F-11D3-BF4B-00C04F79EFBC}") = "KinectCs", "KinectCs\KinectCs.csproj", "{2B35F9E4-8FA5-4079-8D32-7869C52475E4}"
EndProject
Global
	GlobalSection(SolutionConfigurationPlatforms) = preSolution
		Debug|Any CPU = Debug|Any CPU
		Release|Any CPU = Release|Any CPU
	EndGlobalSection
	GlobalSection(ProjectConfigurationPlatforms) = postSolution
		{2B35F9E4-8FA5-4079-8D32-7869C52475E4}.Debug|Any CPU.ActiveCfg = Debug|Any CPU
		{2B35F9E4-8FA5-4079-8D32-7869C52475E4}.Debug|Any CPU.Build.0 = Debug|Any CPU
		{2B35F9E4-8FA5-4079-8D32-7869C52475E4}.Release|Any CPU.ActiveCfg = Release|Any CPU
		{2B35F9E4-8FA5-4079-8D32-7869C52475E4}.Release|Any CPU.Build.0 = Release|Any CPU
	EndGlobalSection
	GlobalSection(SolutionProperties) = preSolution
		HideSolutionNode = FALSE
	EndGlobalSection
	GlobalSection(ExtensibilityGlobals) = postSolution
		SolutionGuid = {C87B4DF2-837B-43D6-9988-B9FD0C4D412C}
	EndGlobalSection
EndGlobal
